
Microsoft Visual Studio Solution File, Format Version 12.00
# Visual Studio Version 16
VisualStudioVersion = 16.0.32002.261
MinimumVisualStudioVersion = 10.0.40219.1
Project("{888888A0-9F3D-457C-B088-3A5042F75D52}") = "List-for-viewing_TGBot", "List-for-viewing_TGBot.pyproj", "{65F53CB9-5FCA-4F00-880F-AAAEE0804188}"
EndProject
Global
	GlobalSection(SolutionConfigurationPlatforms) = preSolution
		Debug|Any CPU = Debug|Any CPU
		Release|Any CPU = Release|Any CPU
	EndGlobalSection
	GlobalSection(ProjectConfigurationPlatforms) = postSolution
		{65F53CB9-5FCA-4F00-880F-AAAEE0804188}.Debug|Any CPU.ActiveCfg = Debug|Any CPU
		{65F53CB9-5FCA-4F00-880F-AAAEE0804188}.Release|Any CPU.ActiveCfg = Release|Any CPU
	EndGlobalSection
	GlobalSection(SolutionProperties) = preSolution
		HideSolutionNode = FALSE
	EndGlobalSection
	GlobalSection(ExtensibilityGlobals) = postSolution
		SolutionGuid = {6C7D90EA-4AA9-473E-988D-3D29F1624FB5}
	EndGlobalSection
EndGlobal
